
Microsoft Visual Studio Solution File, Format Version 12.00
# Visual Studio Version 17
VisualStudioVersion = 17.1.32319.34
MinimumVisualStudioVersion = 10.0.40219.1
Project("{8BC9CEB8-8B4A-11D0-8D11-00A0C91BC942}") = "CatGameEngine2D", "CatGameEngine2D\CatGameEngine2D.vcxproj", "{19F7B24F-A2DC-4896-A506-D6B27591EC73}"
EndProject
Project("{2150E333-8FDC-42A3-9474-1A3956D46DE8}") = "Solution Items", "Solution Items", "{DA4B022F-7A2E-4CB6-9B0E-EF8B2311570C}"
	ProjectSection(SolutionItems) = preProject
		README.md = README.md
	EndProjectSection
EndProject
Global
	GlobalSection(SolutionConfigurationPlatforms) = preSolution
		Debug|x64 = Debug|x64
		Debug|x86 = Debug|x86
		Release|x64 = Release|x64
		Release|x86 = Release|x86
	EndGlobalSection
	GlobalSection(ProjectConfigurationPlatforms) = postSolution
		{19F7B24F-A2DC-4896-A506-D6B27591EC73}.Debug|x64.ActiveCfg = Debug|x64
		{19F7B24F-A2DC-4896-A506-D6B27591EC73}.Debug|x64.Build.0 = Debug|x64
		{19F7B24F-A2DC-4896-A506-D6B27591EC73}.Debug|x86.ActiveCfg = Debug|Win32
		{19F7B24F-A2DC-4896-A506-D6B27591EC73}.Debug|x86.Build.0 = Debug|Win32
		{19F7B24F-A2DC-4896-A506-D6B27591EC73}.Release|x64.ActiveCfg = Release|x64
		{19F7B24F-A2DC-4896-A506-D6B27591EC73}.Release|x64.Build.0 = Release|x64
		{19F7B24F-A2DC-4896-A506-D6B27591EC73}.Release|x86.ActiveCfg = Release|Win32
		{19F7B24F-A2DC-4896-A506-D6B27591EC73}.Release|x86.Build.0 = Release|Win32
	EndGlobalSection
	GlobalSection(SolutionProperties) = preSolution
		HideSolutionNode = FALSE
	EndGlobalSection
	GlobalSection(ExtensibilityGlobals) = postSolution
		SolutionGuid = {A21F267D-FAC2-4972-943A-7A712E47A806}
	EndGlobalSection
EndGlobal
